
Microsoft Visual Studio Solution File, Format Version 12.00
# Visual Studio Version 17
VisualStudioVersion = 17.4.33213.308
MinimumVisualStudioVersion = 10.0.40219.1
Project("{FAE04EC0-301F-11D3-BF4B-00C04F79EFBC}") = "TPJ.OCR", "TPJ.OCR\TPJ.OCR.csproj", "{112051CA-384A-4E3E-88FC-088CBAE5E9A7}"
EndProject
Project("{FAE04EC0-301F-11D3-BF4B-00C04F79EFBC}") = "TPJ.TestOCR", "TPJ.TestOCR\TPJ.TestOCR.csproj", "{39710968-86AA-44F5-B435-B5E0CA2CF64C}"
EndProject
Global
	GlobalSection(SolutionConfigurationPlatforms) = preSolution
		Debug|Any CPU = Debug|Any CPU
		Release|Any CPU = Release|Any CPU
	EndGlobalSection
	GlobalSection(ProjectConfigurationPlatforms) = postSolution
		{112051CA-384A-4E3E-88FC-088CBAE5E9A7}.Debug|Any CPU.ActiveCfg = Debug|Any CPU
		{112051CA-384A-4E3E-88FC-088CBAE5E9A7}.Debug|Any CPU.Build.0 = Debug|Any CPU
		{112051CA-384A-4E3E-88FC-088CBAE5E9A7}.Release|Any CPU.ActiveCfg = Release|Any CPU
		{112051CA-384A-4E3E-88FC-088CBAE5E9A7}.Release|Any CPU.Build.0 = Release|Any CPU
		{39710968-86AA-44F5-B435-B5E0CA2CF64C}.Debug|Any CPU.ActiveCfg = Debug|Any CPU
		{39710968-86AA-44F5-B435-B5E0CA2CF64C}.Debug|Any CPU.Build.0 = Debug|Any CPU
		{39710968-86AA-44F5-B435-B5E0CA2CF64C}.Release|Any CPU.ActiveCfg = Release|Any CPU
		{39710968-86AA-44F5-B435-B5E0CA2CF64C}.Release|Any CPU.Build.0 = Release|Any CPU
	EndGlobalSection
	GlobalSection(SolutionProperties) = preSolution
		HideSolutionNode = FALSE
	EndGlobalSection
	GlobalSection(ExtensibilityGlobals) = postSolution
		SolutionGuid = {C10831CE-4B07-4BE4-95F9-5353E1E99B06}
	EndGlobalSection
EndGlobal
